// !$*UTF8*$!
{
	archiveVersion = 1;
	classes = {
	};
	objectVersion = 46;
	objects = {

/* Begin PBXBuildFile section */
		867161A814D55DF400055856 /* UIKit.framework in Frameworks */ = {isa = PBXBuildFile; fileRef = 867161A714D55DF400055856 /* UIKit.framework */; };
		867161AA14D55DF400055856 /* Foundation.framework in Frameworks */ = {isa = PBXBuildFile; fileRef = 867161A914D55DF400055856 /* Foundation.framework */; };
		867161AC14D55DF400055856 /* CoreGraphics.framework in Frameworks */ = {isa = PBXBuildFile; fileRef = 867161AB14D55DF400055856 /* CoreGraphics.framework */; };
		867161B214D55DF400055856 /* InfoPlist.strings in Resources */ = {isa = PBXBuildFile; fileRef = 867161B014D55DF400055856 /* InfoPlist.strings */; };
		867161B414D55DF400055856 /* main.m in Sources */ = {isa = PBXBuildFile; fileRef = 867161B314D55DF400055856 /* main.m */; };
		867161B814D55DF400055856 /* AppDelegate.m in Sources */ = {isa = PBXBuildFile; fileRef = 867161B714D55DF400055856 /* AppDelegate.m */; };
		867161BB14D55DF400055856 /* DetectViewController.m in Sources */ = {isa = PBXBuildFile; fileRef = 867161BA14D55DF400055856 /* DetectViewController.m */; };
		867161BD14D55DF400055856 /* first.png in Resources */ = {isa = PBXBuildFile; fileRef = 867161BC14D55DF400055856 /* first.png */; };
		867161BF14D55DF400055856 /* first@2x.png in Resources */ = {isa = PBXBuildFile; fileRef = 867161BE14D55DF400055856 /* first@2x.png */; };
		867161C414D55DF400055856 /* second.png in Resources */ = {isa = PBXBuildFile; fileRef = 867161C314D55DF400055856 /* second.png */; };
		867161C614D55DF400055856 /* second@2x.png in Resources */ = {isa = PBXBuildFile; fileRef = 867161C514D55DF400055856 /* second@2x.png */; };
		867161C914D55DF400055856 /* DetectViewController.xib in Resources */ = {isa = PBXBuildFile; fileRef = 867161C714D55DF400055856 /* DetectViewController.xib */; };
		867161D814D564FE00055856 /* RecognizeViewController.m in Sources */ = {isa = PBXBuildFile; fileRef = 867161D614D564FE00055856 /* RecognizeViewController.m */; };
		867161D914D564FE00055856 /* RecognizeViewController.xib in Resources */ = {isa = PBXBuildFile; fileRef = 867161D714D564FE00055856 /* RecognizeViewController.xib */; };
		867161DD14D5664E00055856 /* Camera.m in Sources */ = {isa = PBXBuildFile; fileRef = 867161DC14D5664E00055856 /* Camera.m */; };
		867161DF14D567D200055856 /* AVFoundation.framework in Frameworks */ = {isa = PBXBuildFile; fileRef = 867161DE14D567D200055856 /* AVFoundation.framework */; };
		868018DC14D6899000015536 /* FaceDetectVO.m in Sources */ = {isa = PBXBuildFile; fileRef = 868018DB14D6899000015536 /* FaceDetectVO.m */; };
		868018E114D68A3B00015536 /* TagVO.m in Sources */ = {isa = PBXBuildFile; fileRef = 868018E014D68A3B00015536 /* TagVO.m */; };
		868018E414D68BB800015536 /* AttributeVO.m in Sources */ = {isa = PBXBuildFile; fileRef = 868018E314D68BB800015536 /* AttributeVO.m */; };
		868018E814D6BD0E00015536 /* SaveViewController.m in Sources */ = {isa = PBXBuildFile; fileRef = 868018E614D6BD0E00015536 /* SaveViewController.m */; };
		868018E914D6BD0E00015536 /* SaveViewController.xib in Resources */ = {isa = PBXBuildFile; fileRef = 868018E714D6BD0E00015536 /* SaveViewController.xib */; };
		868018F014D6CFF300015536 /* SaveCall.m in Sources */ = {isa = PBXBuildFile; fileRef = 868018EF14D6CFF300015536 /* SaveCall.m */; };
		868018F314D6DD2100015536 /* FaceRecognitionTrainer.xcdatamodeld in Sources */ = {isa = PBXBuildFile; fileRef = 868018F114D6DD2100015536 /* FaceRecognitionTrainer.xcdatamodeld */; };
		868018FB14D7167200015536 /* CoreData.framework in Frameworks */ = {isa = PBXBuildFile; fileRef = 868018FA14D7167200015536 /* CoreData.framework */; };
		868018FF14D7178700015536 /* TrainingViewController.m in Sources */ = {isa = PBXBuildFile; fileRef = 868018FD14D7178700015536 /* TrainingViewController.m */; };
		8680190014D7178700015536 /* TrainingViewController.xib in Resources */ = {isa = PBXBuildFile; fileRef = 868018FE14D7178700015536 /* TrainingViewController.xib */; };
		8680190614D7212D00015536 /* TrainingCell.m in Sources */ = {isa = PBXBuildFile; fileRef = 8680190514D7212D00015536 /* TrainingCell.m */; };
		8680190914D7234700015536 /* TrainingCall.m in Sources */ = {isa = PBXBuildFile; fileRef = 8680190814D7234600015536 /* TrainingCall.m */; };
		8680190C14D72D1D00015536 /* RecognizeCamera.m in Sources */ = {isa = PBXBuildFile; fileRef = 8680190B14D72D1D00015536 /* RecognizeCamera.m */; };
		8680190F14D72F8A00015536 /* RecognizeCall.m in Sources */ = {isa = PBXBuildFile; fileRef = 8680190E14D72F8A00015536 /* RecognizeCall.m */; };
		8680191214D735AF00015536 /* UidVO.m in Sources */ = {isa = PBXBuildFile; fileRef = 8680191114D735AF00015536 /* UidVO.m */; };
		8680191514D74B9200015536 /* User.m in Sources */ = {isa = PBXBuildFile; fileRef = 8680191414D74B9100015536 /* User.m */; };
		86B2CFBF14D9743100FA533B /* TrainerViewController.m in Sources */ = {isa = PBXBuildFile; fileRef = 86B2CFBD14D9743100FA533B /* TrainerViewController.m */; };
		86B2CFC014D9743100FA533B /* TrainerViewController.xib in Resources */ = {isa = PBXBuildFile; fileRef = 86B2CFBE14D9743100FA533B /* TrainerViewController.xib */; };
		86B2CFC514D9773800FA533B /* AddUserView.m in Sources */ = {isa = PBXBuildFile; fileRef = 86B2CFC314D9773800FA533B /* AddUserView.m */; };
		86B2CFC614D9773800FA533B /* AddUserView.xib in Resources */ = {isa = PBXBuildFile; fileRef = 86B2CFC414D9773800FA533B /* AddUserView.xib */; };
		86F590A914D5E507006FEF96 /* CoreMedia.framework in Frameworks */ = {isa = PBXBuildFile; fileRef = 86F590A814D5E507006FEF96 /* CoreMedia.framework */; };
		86F590AC14D5E50E006FEF96 /* CoreVideo.framework in Frameworks */ = {isa = PBXBuildFile; fileRef = 86F590AB14D5E50E006FEF96 /* CoreVideo.framework */; };
		86F590B014D5F3E6006FEF96 /* PostCall.m in Sources */ = {isa = PBXBuildFile; fileRef = 86F590AF14D5F3E6006FEF96 /* PostCall.m */; };
		86F590B314D5F5B2006FEF96 /* DetectCall.m in Sources */ = {isa = PBXBuildFile; fileRef = 86F590B214D5F5B2006FEF96 /* DetectCall.m */; };
		86F590B714D5F691006FEF96 /* FaceConstants.m in Sources */ = {isa = PBXBuildFile; fileRef = 86F590B614D5F691006FEF96 /* FaceConstants.m */; };
/* End PBXBuildFile section */

/* Begin PBXFileReference section */
		867161A314D55DF400055856 /* FaceRecognitionTrainer.app */ = {isa = PBXFileReference; explicitFileType = wrapper.application; includeInIndex = 0; path = FaceRecognitionTrainer.app; sourceTree = BUILT_PRODUCTS_DIR; };
		867161A714D55DF400055856 /* UIKit.framework */ = {isa = PBXFileReference; lastKnownFileType = wrapper.framework; name = UIKit.framework; path = System/Library/Frameworks/UIKit.framework; sourceTree = SDKROOT; };
		867161A914D55DF400055856 /* Foundation.framework */ = {isa = PBXFileReference; lastKnownFileType = wrapper.framework; name = Foundation.framework; path = System/Library/Frameworks/Foundation.framework; sourceTree = SDKROOT; };
		867161AB14D55DF400055856 /* CoreGraphics.framework */ = {isa = PBXFileReference; lastKnownFileType = wrapper.framework; name = CoreGraphics.framework; path = System/Library/Frameworks/CoreGraphics.framework; sourceTree = SDKROOT; };
		867161AF14D55DF400055856 /* FaceRecognitionTrainer-Info.plist */ = {isa = PBXFileReference; lastKnownFileType = text.plist.xml; path = "FaceRecognitionTrainer-Info.plist"; sourceTree = "<group>"; };
		867161B114D55DF400055856 /* en */ = {isa = PBXFileReference; lastKnownFileType = text.plist.strings; name = en; path = en.lproj/InfoPlist.strings; sourceTree = "<group>"; };
		867161B314D55DF400055856 /* main.m */ = {isa = PBXFileReference; lastKnownFileType = sourcecode.c.objc; path = main.m; sourceTree = "<group>"; };
		867161B514D55DF400055856 /* FaceRecognitionTrainer-Prefix.pch */ = {isa = PBXFileReference; lastKnownFileType = sourcecode.c.h; path = "FaceRecognitionTrainer-Prefix.pch"; sourceTree = "<group>"; };
		867161B614D55DF400055856 /* AppDelegate.h */ = {isa = PBXFileReference; lastKnownFileType = sourcecode.c.h; path = AppDelegate.h; sourceTree = "<group>"; };
		867161B714D55DF400055856 /* AppDelegate.m */ = {isa = PBXFileReference; lastKnownFileType = sourcecode.c.objc; path = AppDelegate.m; sourceTree = "<group>"; };
		867161B914D55DF400055856 /* DetectViewController.h */ = {isa = PBXFileReference; lastKnownFileType = sourcecode.c.h; path = DetectViewController.h; sourceTree = "<group>"; };
		867161BA14D55DF400055856 /* DetectViewController.m */ = {isa = PBXFileReference; lastKnownFileType = sourcecode.c.objc; path = DetectViewController.m; sourceTree = "<group>"; };
		867161BC14D55DF400055856 /* first.png */ = {isa = PBXFileReference; lastKnownFileType = image.png; path = first.png; sourceTree = "<group>"; };
		867161BE14D55DF400055856 /* first@2x.png */ = {isa = PBXFileReference; lastKnownFileType = image.png; path = "first@2x.png"; sourceTree = "<group>"; };
		867161C314D55DF400055856 /* second.png */ = {isa = PBXFileReference; lastKnownFileType = image.png; path = second.png; sourceTree = "<group>"; };
		867161C514D55DF400055856 /* second@2x.png */ = {isa = PBXFileReference; lastKnownFileType = image.png; path = "second@2x.png"; sourceTree = "<group>"; };
		867161C814D55DF400055856 /* en */ = {isa = PBXFileReference; lastKnownFileType = file.xib; name = en; path = en.lproj/DetectViewController.xib; sourceTree = "<group>"; };
		867161D514D564FE00055856 /* RecognizeViewController.h */ = {isa = PBXFileReference; fileEncoding = 4; lastKnownFileType = sourcecode.c.h; path = RecognizeViewController.h; sourceTree = "<group>"; };
		867161D614D564FE00055856 /* RecognizeViewController.m */ = {isa = PBXFileReference; fileEncoding = 4; lastKnownFileType = sourcecode.c.objc; path = RecognizeViewController.m; sourceTree = "<group>"; };
		867161D714D564FE00055856 /* RecognizeViewController.xib */ = {isa = PBXFileReference; fileEncoding = 4; lastKnownFileType = file.xib; path = RecognizeViewController.xib; sourceTree = "<group>"; };
		867161DB14D5664E00055856 /* Camera.h */ = {isa = PBXFileReference; fileEncoding = 4; lastKnownFileType = sourcecode.c.h; path = Camera.h; sourceTree = "<group>"; };
		867161DC14D5664E00055856 /* Camera.m */ = {isa = PBXFileReference; fileEncoding = 4; lastKnownFileType = sourcecode.c.objc; path = Camera.m; sourceTree = "<group>"; };
		867161DE14D567D200055856 /* AVFoundation.framework */ = {isa = PBXFileReference; lastKnownFileType = wrapper.framework; name = AVFoundation.framework; path = System/Library/Frameworks/AVFoundation.framework; sourceTree = SDKROOT; };
		868018DA14D6899000015536 /* FaceDetectVO.h */ = {isa = PBXFileReference; fileEncoding = 4; lastKnownFileType = sourcecode.c.h; path = FaceDetectVO.h; sourceTree = "<group>"; };
		868018DB14D6899000015536 /* FaceDetectVO.m */ = {isa = PBXFileReference; fileEncoding = 4; lastKnownFileType = sourcecode.c.objc; path = FaceDetectVO.m; sourceTree = "<group>"; };
		868018DF14D68A3B00015536 /* TagVO.h */ = {isa = PBXFileReference; fileEncoding = 4; lastKnownFileType = sourcecode.c.h; path = TagVO.h; sourceTree = "<group>"; };
		868018E014D68A3B00015536 /* TagVO.m */ = {isa = PBXFileReference; fileEncoding = 4; lastKnownFileType = sourcecode.c.objc; path = TagVO.m; sourceTree = "<group>"; };
		868018E214D68BB800015536 /* AttributeVO.h */ = {isa = PBXFileReference; fileEncoding = 4; lastKnownFileType = sourcecode.c.h; path = AttributeVO.h; sourceTree = "<group>"; };
		868018E314D68BB800015536 /* AttributeVO.m */ = {isa = PBXFileReference; fileEncoding = 4; lastKnownFileType = sourcecode.c.objc; path = AttributeVO.m; sourceTree = "<group>"; };
		868018E514D6BD0E00015536 /* SaveViewController.h */ = {isa = PBXFileReference; fileEncoding = 4; lastKnownFileType = sourcecode.c.h; path = SaveViewController.h; sourceTree = "<group>"; };
		868018E614D6BD0E00015536 /* SaveViewController.m */ = {isa = PBXFileReference; fileEncoding = 4; lastKnownFileType = sourcecode.c.objc; path = SaveViewController.m; sourceTree = "<group>"; };
		868018E714D6BD0E00015536 /* SaveViewController.xib */ = {isa = PBXFileReference; fileEncoding = 4; lastKnownFileType = file.xib; path = SaveViewController.xib; sourceTree = "<group>"; };
		868018EE14D6CFF300015536 /* SaveCall.h */ = {isa = PBXFileReference; fileEncoding = 4; lastKnownFileType = sourcecode.c.h; path = SaveCall.h; sourceTree = "<group>"; };
		868018EF14D6CFF300015536 /* SaveCall.m */ = {isa = PBXFileReference; fileEncoding = 4; lastKnownFileType = sourcecode.c.objc; path = SaveCall.m; sourceTree = "<group>"; };
		868018F214D6DD2100015536 /* FaceRecognitionTrainer.xcdatamodel */ = {isa = PBXFileReference; lastKnownFileType = wrapper.xcdatamodel; path = FaceRecognitionTrainer.xcdatamodel; sourceTree = "<group>"; };
		868018FA14D7167200015536 /* CoreData.framework */ = {isa = PBXFileReference; lastKnownFileType = wrapper.framework; name = CoreData.framework; path = System/Library/Frameworks/CoreData.framework; sourceTree = SDKROOT; };
		868018FC14D7178700015536 /* TrainingViewController.h */ = {isa = PBXFileReference; fileEncoding = 4; lastKnownFileType = sourcecode.c.h; path = TrainingViewController.h; sourceTree = "<group>"; };
		868018FD14D7178700015536 /* TrainingViewController.m */ = {isa = PBXFileReference; fileEncoding = 4; lastKnownFileType = sourcecode.c.objc; path = TrainingViewController.m; sourceTree = "<group>"; };
		868018FE14D7178700015536 /* TrainingViewController.xib */ = {isa = PBXFileReference; fileEncoding = 4; lastKnownFileType = file.xib; path = TrainingViewController.xib; sourceTree = "<group>"; };
		8680190414D7212D00015536 /* TrainingCell.h */ = {isa = PBXFileReference; fileEncoding = 4; lastKnownFileType = sourcecode.c.h; path = TrainingCell.h; sourceTree = "<group>"; };
		8680190514D7212D00015536 /* TrainingCell.m */ = {isa = PBXFileReference; fileEncoding = 4; lastKnownFileType = sourcecode.c.objc; path = TrainingCell.m; sourceTree = "<group>"; };
		8680190714D7234600015536 /* TrainingCall.h */ = {isa = PBXFileReference; fileEncoding = 4; lastKnownFileType = sourcecode.c.h; path = TrainingCall.h; sourceTree = "<group>"; };
		8680190814D7234600015536 /* TrainingCall.m */ = {isa = PBXFileReference; fileEncoding = 4; lastKnownFileType = sourcecode.c.objc; path = TrainingCall.m; sourceTree = "<group>"; };
		8680190A14D72D1D00015536 /* RecognizeCamera.h */ = {isa = PBXFileReference; fileEncoding = 4; lastKnownFileType = sourcecode.c.h; path = RecognizeCamera.h; sourceTree = "<group>"; };
		8680190B14D72D1D00015536 /* RecognizeCamera.m */ = {isa = PBXFileReference; fileEncoding = 4; lastKnownFileType = sourcecode.c.objc; path = RecognizeCamera.m; sourceTree = "<group>"; };
		8680190D14D72F8900015536 /* RecognizeCall.h */ = {isa = PBXFileReference; fileEncoding = 4; lastKnownFileType = sourcecode.c.h; path = RecognizeCall.h; sourceTree = "<group>"; };
		8680190E14D72F8A00015536 /* RecognizeCall.m */ = {isa = PBXFileReference; fileEncoding = 4; lastKnownFileType = sourcecode.c.objc; path = RecognizeCall.m; sourceTree = "<group>"; };
		8680191014D735AF00015536 /* UidVO.h */ = {isa = PBXFileReference; fileEncoding = 4; lastKnownFileType = sourcecode.c.h; path = UidVO.h; sourceTree = "<group>"; };
		8680191114D735AF00015536 /* UidVO.m */ = {isa = PBXFileReference; fileEncoding = 4; lastKnownFileType = sourcecode.c.objc; path = UidVO.m; sourceTree = "<group>"; };
		8680191314D74B9000015536 /* User.h */ = {isa = PBXFileReference; fileEncoding = 4; lastKnownFileType = sourcecode.c.h; path = User.h; sourceTree = "<group>"; };
		8680191414D74B9100015536 /* User.m */ = {isa = PBXFileReference; fileEncoding = 4; lastKnownFileType = sourcecode.c.objc; path = User.m; sourceTree = "<group>"; };
		86B2CFBC14D9743100FA533B /* TrainerViewController.h */ = {isa = PBXFileReference; fileEncoding = 4; lastKnownFileType = sourcecode.c.h; path = TrainerViewController.h; sourceTree = "<group>"; };
		86B2CFBD14D9743100FA533B /* TrainerViewController.m */ = {isa = PBXFileReference; fileEncoding = 4; lastKnownFileType = sourcecode.c.objc; path = TrainerViewController.m; sourceTree = "<group>"; };
		86B2CFBE14D9743100FA533B /* TrainerViewController.xib */ = {isa = PBXFileReference; fileEncoding = 4; lastKnownFileType = file.xib; path = TrainerViewController.xib; sourceTree = "<group>"; };
		86B2CFC214D9773800FA533B /* AddUserView.h */ = {isa = PBXFileReference; fileEncoding = 4; lastKnownFileType = sourcecode.c.h; path = AddUserView.h; sourceTree = "<group>"; };
		86B2CFC314D9773800FA533B /* AddUserView.m */ = {isa = PBXFileReference; fileEncoding = 4; lastKnownFileType = sourcecode.c.objc; path = AddUserView.m; sourceTree = "<group>"; };
		86B2CFC414D9773800FA533B /* AddUserView.xib */ = {isa = PBXFileReference; fileEncoding = 4; lastKnownFileType = file.xib; path = AddUserView.xib; sourceTree = "<group>"; };
		86F590A814D5E507006FEF96 /* CoreMedia.framework */ = {isa = PBXFileReference; lastKnownFileType = wrapper.framework; name = CoreMedia.framework; path = System/Library/Frameworks/CoreMedia.framework; sourceTree = SDKROOT; };
		86F590AB14D5E50E006FEF96 /* CoreVideo.framework */ = {isa = PBXFileReference; lastKnownFileType = wrapper.framework; name = CoreVideo.framework; path = System/Library/Frameworks/CoreVideo.framework; sourceTree = SDKROOT; };
		86F590AE14D5F3E6006FEF96 /* PostCall.h */ = {isa = PBXFileReference; fileEncoding = 4; lastKnownFileType = sourcecode.c.h; path = PostCall.h; sourceTree = "<group>"; };
		86F590AF14D5F3E6006FEF96 /* PostCall.m */ = {isa = PBXFileReference; fileEncoding = 4; lastKnownFileType = sourcecode.c.objc; path = PostCall.m; sourceTree = "<group>"; };
		86F590B114D5F5B2006FEF96 /* DetectCall.h */ = {isa = PBXFileReference; fileEncoding = 4; lastKnownFileType = sourcecode.c.h; path = DetectCall.h; sourceTree = "<group>"; };
		86F590B214D5F5B2006FEF96 /* DetectCall.m */ = {isa = PBXFileReference; fileEncoding = 4; lastKnownFileType = sourcecode.c.objc; path = DetectCall.m; sourceTree = "<group>"; };
		86F590B514D5F691006FEF96 /* FaceConstants.h */ = {isa = PBXFileReference; fileEncoding = 4; lastKnownFileType = sourcecode.c.h; path = FaceConstants.h; sourceTree = "<group>"; };
		86F590B614D5F691006FEF96 /* FaceConstants.m */ = {isa = PBXFileReference; fileEncoding = 4; lastKnownFileType = sourcecode.c.objc; path = FaceConstants.m; sourceTree = "<group>"; };
/* End PBXFileReference section */

/* Begin PBXFrameworksBuildPhase section */
		867161A014D55DF400055856 /* Frameworks */ = {
			isa = PBXFrameworksBuildPhase;
			buildActionMask = 2147483647;
			files = (
				868018FB14D7167200015536 /* CoreData.framework in Frameworks */,
				86F590AC14D5E50E006FEF96 /* CoreVideo.framework in Frameworks */,
				86F590A914D5E507006FEF96 /* CoreMedia.framework in Frameworks */,
				867161DF14D567D200055856 /* AVFoundation.framework in Frameworks */,
				867161A814D55DF400055856 /* UIKit.framework in Frameworks */,
				867161AA14D55DF400055856 /* Foundation.framework in Frameworks */,
				867161AC14D55DF400055856 /* CoreGraphics.framework in Frameworks */,
			);
			runOnlyForDeploymentPostprocessing = 0;
		};
/* End PBXFrameworksBuildPhase section */

/* Begin PBXGroup section */
		8671619814D55DF400055856 = {
			isa = PBXGroup;
			children = (
				867161AD14D55DF400055856 /* FaceRecognitionTrainer */,
				867161A614D55DF400055856 /* Frameworks */,
				867161A414D55DF400055856 /* Products */,
			);
			sourceTree = "<group>";
		};
		867161A414D55DF400055856 /* Products */ = {
			isa = PBXGroup;
			children = (
				867161A314D55DF400055856 /* FaceRecognitionTrainer.app */,
			);
			name = Products;
			sourceTree = "<group>";
		};
		867161A614D55DF400055856 /* Frameworks */ = {
			isa = PBXGroup;
			children = (
				868018FA14D7167200015536 /* CoreData.framework */,
				86F590AB14D5E50E006FEF96 /* CoreVideo.framework */,
				86F590A814D5E507006FEF96 /* CoreMedia.framework */,
				867161DE14D567D200055856 /* AVFoundation.framework */,
				867161A714D55DF400055856 /* UIKit.framework */,
				867161A914D55DF400055856 /* Foundation.framework */,
				867161AB14D55DF400055856 /* CoreGraphics.framework */,
			);
			name = Frameworks;
			sourceTree = "<group>";
		};
		867161AD14D55DF400055856 /* FaceRecognitionTrainer */ = {
			isa = PBXGroup;
			children = (
				8680191314D74B9000015536 /* User.h */,
				8680191414D74B9100015536 /* User.m */,
				868018F114D6DD2100015536 /* FaceRecognitionTrainer.xcdatamodeld */,
				86F590B414D5F681006FEF96 /* Constants */,
				867161B614D55DF400055856 /* AppDelegate.h */,
				867161B714D55DF400055856 /* AppDelegate.m */,
				867161D214D5601200055856 /* DetectAndSave */,
				867161D314D5601F00055856 /* Train */,
				867161D414D564BF00055856 /* Recognize */,
				867161AE14D55DF400055856 /* Supporting Files */,
			);
			path = FaceRecognitionTrainer;
			sourceTree = "<group>";
		};
		867161AE14D55DF400055856 /* Supporting Files */ = {
			isa = PBXGroup;
			children = (
				867161AF14D55DF400055856 /* FaceRecognitionTrainer-Info.plist */,
				867161B014D55DF400055856 /* InfoPlist.strings */,
				867161B314D55DF400055856 /* main.m */,
				867161B514D55DF400055856 /* FaceRecognitionTrainer-Prefix.pch */,
			);
			name = "Supporting Files";
			sourceTree = "<group>";
		};
		867161D214D5601200055856 /* DetectAndSave */ = {
			isa = PBXGroup;
			children = (
				868018DE14D6899700015536 /* VO */,
				86F590AD14D5F3D1006FEF96 /* Calls */,
				867161DA14D5662A00055856 /* Camera */,
				868018EA14D6C22800015536 /* Save */,
				86B2CFC714D9773B00FA533B /* Add User */,
				867161BC14D55DF400055856 /* first.png */,
				867161BE14D55DF400055856 /* first@2x.png */,
				867161B914D55DF400055856 /* DetectViewController.h */,
				867161BA14D55DF400055856 /* DetectViewController.m */,
				867161C714D55DF400055856 /* DetectViewController.xib */,
			);
			name = DetectAndSave;
			sourceTree = "<group>";
		};
		867161D314D5601F00055856 /* Train */ = {
			isa = PBXGroup;
			children = (
				867161C314D55DF400055856 /* second.png */,
				867161C514D55DF400055856 /* second@2x.png */,
				868018FC14D7178700015536 /* TrainingViewController.h */,
				868018FD14D7178700015536 /* TrainingViewController.m */,
				868018FE14D7178700015536 /* TrainingViewController.xib */,
				8680190414D7212D00015536 /* TrainingCell.h */,
				8680190514D7212D00015536 /* TrainingCell.m */,
				86B2CFBC14D9743100FA533B /* TrainerViewController.h */,
				86B2CFBD14D9743100FA533B /* TrainerViewController.m */,
				86B2CFBE14D9743100FA533B /* TrainerViewController.xib */,
			);
			name = Train;
			sourceTree = "<group>";
		};
		867161D414D564BF00055856 /* Recognize */ = {
			isa = PBXGroup;
			children = (
				867161D514D564FE00055856 /* RecognizeViewController.h */,
				867161D614D564FE00055856 /* RecognizeViewController.m */,
				867161D714D564FE00055856 /* RecognizeViewController.xib */,
			);
			name = Recognize;
			sourceTree = "<group>";
		};
		867161DA14D5662A00055856 /* Camera */ = {
			isa = PBXGroup;
			children = (
				867161DB14D5664E00055856 /* Camera.h */,
				867161DC14D5664E00055856 /* Camera.m */,
				8680190A14D72D1D00015536 /* RecognizeCamera.h */,
				8680190B14D72D1D00015536 /* RecognizeCamera.m */,
			);
			name = Camera;
			sourceTree = "<group>";
		};
		868018DE14D6899700015536 /* VO */ = {
			isa = PBXGroup;
			children = (
				868018DA14D6899000015536 /* FaceDetectVO.h */,
				868018DB14D6899000015536 /* FaceDetectVO.m */,
				868018DF14D68A3B00015536 /* TagVO.h */,
				868018E014D68A3B00015536 /* TagVO.m */,
				868018E214D68BB800015536 /* AttributeVO.h */,
				868018E314D68BB800015536 /* AttributeVO.m */,
				8680191014D735AF00015536 /* UidVO.h */,
				8680191114D735AF00015536 /* UidVO.m */,
			);
			name = VO;
			sourceTree = "<group>";
		};
		868018EA14D6C22800015536 /* Save */ = {
			isa = PBXGroup;
			children = (
				868018E514D6BD0E00015536 /* SaveViewController.h */,
				868018E614D6BD0E00015536 /* SaveViewController.m */,
				868018E714D6BD0E00015536 /* SaveViewController.xib */,
			);
			name = Save;
			sourceTree = "<group>";
		};
		86B2CFC714D9773B00FA533B /* Add User */ = {
			isa = PBXGroup;
			children = (
				86B2CFC214D9773800FA533B /* AddUserView.h */,
				86B2CFC314D9773800FA533B /* AddUserView.m */,
				86B2CFC414D9773800FA533B /* AddUserView.xib */,
			);
			name = "Add User";
			sourceTree = "<group>";
		};
		86F590AD14D5F3D1006FEF96 /* Calls */ = {
			isa = PBXGroup;
			children = (
				86F590AE14D5F3E6006FEF96 /* PostCall.h */,
				86F590AF14D5F3E6006FEF96 /* PostCall.m */,
				86F590B114D5F5B2006FEF96 /* DetectCall.h */,
				86F590B214D5F5B2006FEF96 /* DetectCall.m */,
				868018EE14D6CFF300015536 /* SaveCall.h */,
				868018EF14D6CFF300015536 /* SaveCall.m */,
				8680190714D7234600015536 /* TrainingCall.h */,
				8680190814D7234600015536 /* TrainingCall.m */,
				8680190D14D72F8900015536 /* RecognizeCall.h */,
				8680190E14D72F8A00015536 /* RecognizeCall.m */,
			);
			name = Calls;
			sourceTree = "<group>";
		};
		86F590B414D5F681006FEF96 /* Constants */ = {
			isa = PBXGroup;
			children = (
				86F590B514D5F691006FEF96 /* FaceConstants.h */,
				86F590B614D5F691006FEF96 /* FaceConstants.m */,
			);
			name = Constants;
			sourceTree = "<group>";
		};
/* End PBXGroup section */

/* Begin PBXNativeTarget section */
		867161A214D55DF400055856 /* FaceRecognitionTrainer */ = {
			isa = PBXNativeTarget;
			buildConfigurationList = 867161CF14D55DF400055856 /* Build configuration list for PBXNativeTarget "FaceRecognitionTrainer" */;
			buildPhases = (
				8671619F14D55DF400055856 /* Sources */,
				867161A014D55DF400055856 /* Frameworks */,
				867161A114D55DF400055856 /* Resources */,
			);
			buildRules = (
			);
			dependencies = (
			);
			name = FaceRecognitionTrainer;
			productName = FaceRecognitionTrainer;
			productReference = 867161A314D55DF400055856 /* FaceRecognitionTrainer.app */;
			productType = "com.apple.product-type.application";
		};
/* End PBXNativeTarget section */

/* Begin PBXProject section */
		8671619A14D55DF400055856 /* Project object */ = {
			isa = PBXProject;
			attributes = {
				LastUpgradeCheck = 0420;
				ORGANIZATIONNAME = "dev-dev";
			};
			buildConfigurationList = 8671619D14D55DF400055856 /* Build configuration list for PBXProject "FaceRecognitionTrainer" */;
			compatibilityVersion = "Xcode 3.2";
			developmentRegion = English;
			hasScannedForEncodings = 0;
			knownRegions = (
				en,
			);
			mainGroup = 8671619814D55DF400055856;
			productRefGroup = 867161A414D55DF400055856 /* Products */;
			projectDirPath = "";
			projectRoot = "";
			targets = (
				867161A214D55DF400055856 /* FaceRecognitionTrainer */,
			);
		};
/* End PBXProject section */

/* Begin PBXResourcesBuildPhase section */
		867161A114D55DF400055856 /* Resources */ = {
			isa = PBXResourcesBuildPhase;
			buildActionMask = 2147483647;
			files = (
				867161B214D55DF400055856 /* InfoPlist.strings in Resources */,
				867161BD14D55DF400055856 /* first.png in Resources */,
				867161BF14D55DF400055856 /* first@2x.png in Resources */,
				867161C414D55DF400055856 /* second.png in Resources */,
				867161C614D55DF400055856 /* second@2x.png in Resources */,
				867161C914D55DF400055856 /* DetectViewController.xib in Resources */,
				867161D914D564FE00055856 /* RecognizeViewController.xib in Resources */,
				868018E914D6BD0E00015536 /* SaveViewController.xib in Resources */,
				8680190014D7178700015536 /* TrainingViewController.xib in Resources */,
				86B2CFC014D9743100FA533B /* TrainerViewController.xib in Resources */,
				86B2CFC614D9773800FA533B /* AddUserView.xib in Resources */,
			);
			runOnlyForDeploymentPostprocessing = 0;
		};
/* End PBXResourcesBuildPhase section */

/* Begin PBXSourcesBuildPhase section */
		8671619F14D55DF400055856 /* Sources */ = {
			isa = PBXSourcesBuildPhase;
			buildActionMask = 2147483647;
			files = (
				867161B414D55DF400055856 /* main.m in Sources */,
				867161B814D55DF400055856 /* AppDelegate.m in Sources */,
				867161BB14D55DF400055856 /* DetectViewController.m in Sources */,
				867161D814D564FE00055856 /* RecognizeViewController.m in Sources */,
				867161DD14D5664E00055856 /* Camera.m in Sources */,
				86F590B014D5F3E6006FEF96 /* PostCall.m in Sources */,
				86F590B314D5F5B2006FEF96 /* DetectCall.m in Sources */,
				86F590B714D5F691006FEF96 /* FaceConstants.m in Sources */,
				868018DC14D6899000015536 /* FaceDetectVO.m in Sources */,
				868018E114D68A3B00015536 /* TagVO.m in Sources */,
				868018E414D68BB800015536 /* AttributeVO.m in Sources */,
				868018E814D6BD0E00015536 /* SaveViewController.m in Sources */,
				868018F014D6CFF300015536 /* SaveCall.m in Sources */,
				868018F314D6DD2100015536 /* FaceRecognitionTrainer.xcdatamodeld in Sources */,
				868018FF14D7178700015536 /* TrainingViewController.m in Sources */,
				8680190614D7212D00015536 /* TrainingCell.m in Sources */,
				8680190914D7234700015536 /* TrainingCall.m in Sources */,
				8680190C14D72D1D00015536 /* RecognizeCamera.m in Sources */,
				8680190F14D72F8A00015536 /* RecognizeCall.m in Sources */,
				8680191214D735AF00015536 /* UidVO.m in Sources */,
				8680191514D74B9200015536 /* User.m in Sources */,
				86B2CFBF14D9743100FA533B /* TrainerViewController.m in Sources */,
				86B2CFC514D9773800FA533B /* AddUserView.m in Sources */,
			);
			runOnlyForDeploymentPostprocessing = 0;
		};
/* End PBXSourcesBuildPhase section */

/* Begin PBXVariantGroup section */
		867161B014D55DF400055856 /* InfoPlist.strings */ = {
			isa = PBXVariantGroup;
			children = (
				867161B114D55DF400055856 /* en */,
			);
			name = InfoPlist.strings;
			sourceTree = "<group>";
		};
		867161C714D55DF400055856 /* DetectViewController.xib */ = {
			isa = PBXVariantGroup;
			children = (
				867161C814D55DF400055856 /* en */,
			);
			name = DetectViewController.xib;
			sourceTree = "<group>";
		};
/* End PBXVariantGroup section */

/* Begin XCBuildConfiguration section */
		867161CD14D55DF400055856 /* Debug */ = {
			isa = XCBuildConfiguration;
			buildSettings = {
				ALWAYS_SEARCH_USER_PATHS = NO;
				ARCHS = "$(ARCHS_STANDARD_32_BIT)";
				"CODE_SIGN_IDENTITY[sdk=iphoneos*]" = "iPhone Developer";
				COPY_PHASE_STRIP = NO;
				GCC_C_LANGUAGE_STANDARD = gnu99;
				GCC_DYNAMIC_NO_PIC = NO;
				GCC_OPTIMIZATION_LEVEL = 0;
				GCC_PREPROCESSOR_DEFINITIONS = (
					"DEBUG=1",
					"$(inherited)",
				);
				GCC_SYMBOLS_PRIVATE_EXTERN = NO;
				GCC_VERSION = com.apple.compilers.llvm.clang.1_0;
				GCC_WARN_ABOUT_MISSING_PROTOTYPES = YES;
				GCC_WARN_ABOUT_RETURN_TYPE = YES;
				GCC_WARN_UNUSED_VARIABLE = YES;
				IPHONEOS_DEPLOYMENT_TARGET = 5.0;
				SDKROOT = iphoneos;
			};
			name = Debug;
		};
		867161CE14D55DF400055856 /* Release */ = {
			isa = XCBuildConfiguration;
			buildSettings = {
				ALWAYS_SEARCH_USER_PATHS = NO;
				ARCHS = "$(ARCHS_STANDARD_32_BIT)";
				"CODE_SIGN_IDENTITY[sdk=iphoneos*]" = "iPhone Developer";
				COPY_PHASE_STRIP = YES;
				GCC_C_LANGUAGE_STANDARD = gnu99;
				GCC_VERSION = com.apple.compilers.llvm.clang.1_0;
				GCC_WARN_ABOUT_MISSING_PROTOTYPES = YES;
				GCC_WARN_ABOUT_RETURN_TYPE = YES;
				GCC_WARN_UNUSED_VARIABLE = YES;
				IPHONEOS_DEPLOYMENT_TARGET = 5.0;
				OTHER_CFLAGS = "-DNS_BLOCK_ASSERTIONS=1";
				SDKROOT = iphoneos;
				VALIDATE_PRODUCT = YES;
			};
			name = Release;
		};
		867161D014D55DF400055856 /* Debug */ = {
			isa = XCBuildConfiguration;
			buildSettings = {
				GCC_PRECOMPILE_PREFIX_HEADER = YES;
				GCC_PREFIX_HEADER = "FaceRecognitionTrainer/FaceRecognitionTrainer-Prefix.pch";
				INFOPLIST_FILE = "FaceRecognitionTrainer/FaceRecognitionTrainer-Info.plist";
				PRODUCT_NAME = "$(TARGET_NAME)";
				WRAPPER_EXTENSION = app;
			};
			name = Debug;
		};
		867161D114D55DF400055856 /* Release */ = {
			isa = XCBuildConfiguration;
			buildSettings = {
				GCC_PRECOMPILE_PREFIX_HEADER = YES;
				GCC_PREFIX_HEADER = "FaceRecognitionTrainer/FaceRecognitionTrainer-Prefix.pch";
				INFOPLIST_FILE = "FaceRecognitionTrainer/FaceRecognitionTrainer-Info.plist";
				PRODUCT_NAME = "$(TARGET_NAME)";
				WRAPPER_EXTENSION = app;
			};
			name = Release;
		};
/* End XCBuildConfiguration section */

/* Begin XCConfigurationList section */
		8671619D14D55DF400055856 /* Build configuration list for PBXProject "FaceRecognitionTrainer" */ = {
			isa = XCConfigurationList;
			buildConfigurations = (
				867161CD14D55DF400055856 /* Debug */,
				867161CE14D55DF400055856 /* Release */,
			);
			defaultConfigurationIsVisible = 0;
			defaultConfigurationName = Release;
		};
		867161CF14D55DF400055856 /* Build configuration list for PBXNativeTarget "FaceRecognitionTrainer" */ = {
			isa = XCConfigurationList;
			buildConfigurations = (
				867161D014D55DF400055856 /* Debug */,
				867161D114D55DF400055856 /* Release */,
			);
			defaultConfigurationIsVisible = 0;
			defaultConfigurationName = Release;
		};
/* End XCConfigurationList section */

/* Begin XCVersionGroup section */
		868018F114D6DD2100015536 /* FaceRecognitionTrainer.xcdatamodeld */ = {
			isa = XCVersionGroup;
			children = (
				868018F214D6DD2100015536 /* FaceRecognitionTrainer.xcdatamodel */,
			);
			currentVersion = 868018F214D6DD2100015536 /* FaceRecognitionTrainer.xcdatamodel */;
			path = FaceRecognitionTrainer.xcdatamodeld;
			sourceTree = "<group>";
			versionGroupType = wrapper.xcdatamodel;
		};
/* End XCVersionGroup section */
	};
	rootObject = 8671619A14D55DF400055856 /* Project object */;
}
